
Microsoft Visual Studio Solution File, Format Version 12.00
# Visual Studio 15
VisualStudioVersion = 15.0.27428.2027
MinimumVisualStudioVersion = 10.0.40219.1
Project("{FAE04EC0-301F-11D3-BF4B-00C04F79EFBC}") = "Bakery", "Bakery\Bakery.csproj", "{A13E16D6-0AAA-4758-B120-D07294B44A15}"
EndProject
Global
	GlobalSection(SolutionConfigurationPlatforms) = preSolution
		Debug|Any CPU = Debug|Any CPU
		Release|Any CPU = Release|Any CPU
	EndGlobalSection
	GlobalSection(ProjectConfigurationPlatforms) = postSolution
		{A13E16D6-0AAA-4758-B120-D07294B44A15}.Debug|Any CPU.ActiveCfg = Debug|Any CPU
		{A13E16D6-0AAA-4758-B120-D07294B44A15}.Debug|Any CPU.Build.0 = Debug|Any CPU
		{A13E16D6-0AAA-4758-B120-D07294B44A15}.Release|Any CPU.ActiveCfg = Release|Any CPU
		{A13E16D6-0AAA-4758-B120-D07294B44A15}.Release|Any CPU.Build.0 = Release|Any CPU
	EndGlobalSection
	GlobalSection(SolutionProperties) = preSolution
		HideSolutionNode = FALSE
	EndGlobalSection
	GlobalSection(ExtensibilityGlobals) = postSolution
		SolutionGuid = {68C79D0E-8962-4EA4-8EB8-83D6629CEC9A}
	EndGlobalSection
EndGlobal
